
Microsoft Visual Studio Solution File, Format Version 12.00
# Visual Studio Version 17
VisualStudioVersion = 17.12.35707.178
MinimumVisualStudioVersion = 10.0.40219.1
Project("{8BC9CEB8-8B4A-11D0-8D11-00A0C91BC942}") = "ControlStructures", "ControlStructures\ControlStructures.vcxproj", "{E4A8FE00-85F2-44C4-B1EE-36ABED12F066}"
EndProject
Project("{8BC9CEB8-8B4A-11D0-8D11-00A0C91BC942}") = "Loops", "Loops\Loops.vcxproj", "{B776D172-3AEB-4247-9382-8DC257178E26}"
EndProject
Project("{8BC9CEB8-8B4A-11D0-8D11-00A0C91BC942}") = "HomeTask", "HomeTask\HomeTask.vcxproj", "{C8284B1D-BEA2-46A6-ABBF-550B0846AD1A}"
EndProject
Project("{8BC9CEB8-8B4A-11D0-8D11-00A0C91BC942}") = "HomeTask_factorial_exponenta_ASCII_fibonachi", "HomeTask_factorial_exponenta_ASCII_fibonachi\HomeTask_factorial_exponenta_ASCII_fibonachi.vcxproj", "{1982929B-E974-4BF5-823A-F6BAC9DC79E0}"
EndProject
Project("{8BC9CEB8-8B4A-11D0-8D11-00A0C91BC942}") = "HomeTask_Bus", "HomeTask_Bus\HomeTask_Bus.vcxproj", "{A605441F-0004-4774-970C-3329ADE3F242}"
EndProject
Project("{8BC9CEB8-8B4A-11D0-8D11-00A0C91BC942}") = "Shooter", "Shooter\Shooter.vcxproj", "{28D3D864-18A9-4DAA-85C7-A5DBE132117F}"
EndProject
Project("{8BC9CEB8-8B4A-11D0-8D11-00A0C91BC942}") = "Shooter_2", "Shooter_2\Shooter_2.vcxproj", "{A8AF7AC0-AA1B-46B7-90D0-B0C3E5B26E15}"
EndProject
Project("{8BC9CEB8-8B4A-11D0-8D11-00A0C91BC942}") = "HomeTask_FOR_1", "HomeTask_FOR_1\HomeTask_FOR_1.vcxproj", "{A5455942-8EC8-43A3-AA6B-775E17223734}"
EndProject
Project("{8BC9CEB8-8B4A-11D0-8D11-00A0C91BC942}") = "Pattern", "Pattern\Pattern.vcxproj", "{F933F063-3C36-4CA8-86E2-150E7FF917AD}"
EndProject
Project("{8BC9CEB8-8B4A-11D0-8D11-00A0C91BC942}") = "FOR", "FOR\FOR.vcxproj", "{443C7C73-9618-4F28-9A7C-B0BCCAD12198}"
EndProject
Project("{8BC9CEB8-8B4A-11D0-8D11-00A0C91BC942}") = "ROMB", "ROMB\ROMB.vcxproj", "{F3FA3BAE-E8EC-414D-A2FA-7F9D4FA12AED}"
EndProject
Project("{8BC9CEB8-8B4A-11D0-8D11-00A0C91BC942}") = "Task_Geometry_1", "Task_Geometry_1\Task_Geometry_1.vcxproj", "{71C13C2D-0333-4DDB-8A18-5FE19491DD27}"
EndProject
Project("{8BC9CEB8-8B4A-11D0-8D11-00A0C91BC942}") = "Task_chess", "Task_chess\Task_chess.vcxproj", "{1EB75945-7E5E-485E-AE87-4B69CB041F2E}"
EndProject
Project("{8BC9CEB8-8B4A-11D0-8D11-00A0C91BC942}") = "Task_BitwizeOperators", "Task_BitwizeOperators\Task_BitwizeOperators.vcxproj", "{86339E1E-A457-4054-B915-FBF5E5DCB95E}"
EndProject
Global
	GlobalSection(SolutionConfigurationPlatforms) = preSolution
		Debug|x64 = Debug|x64
		Debug|x86 = Debug|x86
		Release|x64 = Release|x64
		Release|x86 = Release|x86
	EndGlobalSection
	GlobalSection(ProjectConfigurationPlatforms) = postSolution
		{E4A8FE00-85F2-44C4-B1EE-36ABED12F066}.Debug|x64.ActiveCfg = Debug|x64
		{E4A8FE00-85F2-44C4-B1EE-36ABED12F066}.Debug|x64.Build.0 = Debug|x64
		{E4A8FE00-85F2-44C4-B1EE-36ABED12F066}.Debug|x86.ActiveCfg = Debug|Win32
		{E4A8FE00-85F2-44C4-B1EE-36ABED12F066}.Debug|x86.Build.0 = Debug|Win32
		{E4A8FE00-85F2-44C4-B1EE-36ABED12F066}.Release|x64.ActiveCfg = Release|x64
		{E4A8FE00-85F2-44C4-B1EE-36ABED12F066}.Release|x64.Build.0 = Release|x64
		{E4A8FE00-85F2-44C4-B1EE-36ABED12F066}.Release|x86.ActiveCfg = Release|Win32
		{E4A8FE00-85F2-44C4-B1EE-36ABED12F066}.Release|x86.Build.0 = Release|Win32
		{B776D172-3AEB-4247-9382-8DC257178E26}.Debug|x64.ActiveCfg = Debug|x64
		{B776D172-3AEB-4247-9382-8DC257178E26}.Debug|x64.Build.0 = Debug|x64
		{B776D172-3AEB-4247-9382-8DC257178E26}.Debug|x86.ActiveCfg = Debug|Win32
		{B776D172-3AEB-4247-9382-8DC257178E26}.Debug|x86.Build.0 = Debug|Win32
		{B776D172-3AEB-4247-9382-8DC257178E26}.Release|x64.ActiveCfg = Release|x64
		{B776D172-3AEB-4247-9382-8DC257178E26}.Release|x64.Build.0 = Release|x64
		{B776D172-3AEB-4247-9382-8DC257178E26}.Release|x86.ActiveCfg = Release|Win32
		{B776D172-3AEB-4247-9382-8DC257178E26}.Release|x86.Build.0 = Release|Win32
		{C8284B1D-BEA2-46A6-ABBF-550B0846AD1A}.Debug|x64.ActiveCfg = Debug|x64
		{C8284B1D-BEA2-46A6-ABBF-550B0846AD1A}.Debug|x64.Build.0 = Debug|x64
		{C8284B1D-BEA2-46A6-ABBF-550B0846AD1A}.Debug|x86.ActiveCfg = Debug|Win32
		{C8284B1D-BEA2-46A6-ABBF-550B0846AD1A}.Debug|x86.Build.0 = Debug|Win32
		{C8284B1D-BEA2-46A6-ABBF-550B0846AD1A}.Release|x64.ActiveCfg = Release|x64
		{C8284B1D-BEA2-46A6-ABBF-550B0846AD1A}.Release|x64.Build.0 = Release|x64
		{C8284B1D-BEA2-46A6-ABBF-550B0846AD1A}.Release|x86.ActiveCfg = Release|Win32
		{C8284B1D-BEA2-46A6-ABBF-550B0846AD1A}.Release|x86.Build.0 = Release|Win32
		{1982929B-E974-4BF5-823A-F6BAC9DC79E0}.Debug|x64.ActiveCfg = Debug|x64
		{1982929B-E974-4BF5-823A-F6BAC9DC79E0}.Debug|x64.Build.0 = Debug|x64
		{1982929B-E974-4BF5-823A-F6BAC9DC79E0}.Debug|x86.ActiveCfg = Debug|Win32
		{1982929B-E974-4BF5-823A-F6BAC9DC79E0}.Debug|x86.Build.0 = Debug|Win32
		{1982929B-E974-4BF5-823A-F6BAC9DC79E0}.Release|x64.ActiveCfg = Release|x64
		{1982929B-E974-4BF5-823A-F6BAC9DC79E0}.Release|x64.Build.0 = Release|x64
		{1982929B-E974-4BF5-823A-F6BAC9DC79E0}.Release|x86.ActiveCfg = Release|Win32
		{1982929B-E974-4BF5-823A-F6BAC9DC79E0}.Release|x86.Build.0 = Release|Win32
		{A605441F-0004-4774-970C-3329ADE3F242}.Debug|x64.ActiveCfg = Debug|x64
		{A605441F-0004-4774-970C-3329ADE3F242}.Debug|x64.Build.0 = Debug|x64
		{A605441F-0004-4774-970C-3329ADE3F242}.Debug|x86.ActiveCfg = Debug|Win32
		{A605441F-0004-4774-970C-3329ADE3F242}.Debug|x86.Build.0 = Debug|Win32
		{A605441F-0004-4774-970C-3329ADE3F242}.Release|x64.ActiveCfg = Release|x64
		{A605441F-0004-4774-970C-3329ADE3F242}.Release|x64.Build.0 = Release|x64
		{A605441F-0004-4774-970C-3329ADE3F242}.Release|x86.ActiveCfg = Release|Win32
		{A605441F-0004-4774-970C-3329ADE3F242}.Release|x86.Build.0 = Release|Win32
		{28D3D864-18A9-4DAA-85C7-A5DBE132117F}.Debug|x64.ActiveCfg = Debug|x64
		{28D3D864-18A9-4DAA-85C7-A5DBE132117F}.Debug|x64.Build.0 = Debug|x64
		{28D3D864-18A9-4DAA-85C7-A5DBE132117F}.Debug|x86.ActiveCfg = Debug|Win32
		{28D3D864-18A9-4DAA-85C7-A5DBE132117F}.Debug|x86.Build.0 = Debug|Win32
		{28D3D864-18A9-4DAA-85C7-A5DBE132117F}.Release|x64.ActiveCfg = Release|x64
		{28D3D864-18A9-4DAA-85C7-A5DBE132117F}.Release|x64.Build.0 = Release|x64
		{28D3D864-18A9-4DAA-85C7-A5DBE132117F}.Release|x86.ActiveCfg = Release|Win32
		{28D3D864-18A9-4DAA-85C7-A5DBE132117F}.Release|x86.Build.0 = Release|Win32
		{A8AF7AC0-AA1B-46B7-90D0-B0C3E5B26E15}.Debug|x64.ActiveCfg = Debug|x64
		{A8AF7AC0-AA1B-46B7-90D0-B0C3E5B26E15}.Debug|x64.Build.0 = Debug|x64
		{A8AF7AC0-AA1B-46B7-90D0-B0C3E5B26E15}.Debug|x86.ActiveCfg = Debug|Win32
		{A8AF7AC0-AA1B-46B7-90D0-B0C3E5B26E15}.Debug|x86.Build.0 = Debug|Win32
		{A8AF7AC0-AA1B-46B7-90D0-B0C3E5B26E15}.Release|x64.ActiveCfg = Release|x64
		{A8AF7AC0-AA1B-46B7-90D0-B0C3E5B26E15}.Release|x64.Build.0 = Release|x64
		{A8AF7AC0-AA1B-46B7-90D0-B0C3E5B26E15}.Release|x86.ActiveCfg = Release|Win32
		{A8AF7AC0-AA1B-46B7-90D0-B0C3E5B26E15}.Release|x86.Build.0 = Release|Win32
		{A5455942-8EC8-43A3-AA6B-775E17223734}.Debug|x64.ActiveCfg = Debug|x64
		{A5455942-8EC8-43A3-AA6B-775E17223734}.Debug|x64.Build.0 = Debug|x64
		{A5455942-8EC8-43A3-AA6B-775E17223734}.Debug|x86.ActiveCfg = Debug|Win32
		{A5455942-8EC8-43A3-AA6B-775E17223734}.Debug|x86.Build.0 = Debug|Win32
		{A5455942-8EC8-43A3-AA6B-775E17223734}.Release|x64.ActiveCfg = Release|x64
		{A5455942-8EC8-43A3-AA6B-775E17223734}.Release|x64.Build.0 = Release|x64
		{A5455942-8EC8-43A3-AA6B-775E17223734}.Release|x86.ActiveCfg = Release|Win32
		{A5455942-8EC8-43A3-AA6B-775E17223734}.Release|x86.Build.0 = Release|Win32
		{F933F063-3C36-4CA8-86E2-150E7FF917AD}.Debug|x64.ActiveCfg = Debug|x64
		{F933F063-3C36-4CA8-86E2-150E7FF917AD}.Debug|x64.Build.0 = Debug|x64
		{F933F063-3C36-4CA8-86E2-150E7FF917AD}.Debug|x86.ActiveCfg = Debug|Win32
		{F933F063-3C36-4CA8-86E2-150E7FF917AD}.Debug|x86.Build.0 = Debug|Win32
		{F933F063-3C36-4CA8-86E2-150E7FF917AD}.Release|x64.ActiveCfg = Release|x64
		{F933F063-3C36-4CA8-86E2-150E7FF917AD}.Release|x64.Build.0 = Release|x64
		{F933F063-3C36-4CA8-86E2-150E7FF917AD}.Release|x86.ActiveCfg = Release|Win32
		{F933F063-3C36-4CA8-86E2-150E7FF917AD}.Release|x86.Build.0 = Release|Win32
		{443C7C73-9618-4F28-9A7C-B0BCCAD12198}.Debug|x64.ActiveCfg = Debug|x64
		{443C7C73-9618-4F28-9A7C-B0BCCAD12198}.Debug|x64.Build.0 = Debug|x64
		{443C7C73-9618-4F28-9A7C-B0BCCAD12198}.Debug|x86.ActiveCfg = Debug|Win32
		{443C7C73-9618-4F28-9A7C-B0BCCAD12198}.Debug|x86.Build.0 = Debug|Win32
		{443C7C73-9618-4F28-9A7C-B0BCCAD12198}.Release|x64.ActiveCfg = Release|x64
		{443C7C73-9618-4F28-9A7C-B0BCCAD12198}.Release|x64.Build.0 = Release|x64
		{443C7C73-9618-4F28-9A7C-B0BCCAD12198}.Release|x86.ActiveCfg = Release|Win32
		{443C7C73-9618-4F28-9A7C-B0BCCAD12198}.Release|x86.Build.0 = Release|Win32
		{F3FA3BAE-E8EC-414D-A2FA-7F9D4FA12AED}.Debug|x64.ActiveCfg = Debug|x64
		{F3FA3BAE-E8EC-414D-A2FA-7F9D4FA12AED}.Debug|x64.Build.0 = Debug|x64
		{F3FA3BAE-E8EC-414D-A2FA-7F9D4FA12AED}.Debug|x86.ActiveCfg = Debug|Win32
		{F3FA3BAE-E8EC-414D-A2FA-7F9D4FA12AED}.Debug|x86.Build.0 = Debug|Win32
		{F3FA3BAE-E8EC-414D-A2FA-7F9D4FA12AED}.Release|x64.ActiveCfg = Release|x64
		{F3FA3BAE-E8EC-414D-A2FA-7F9D4FA12AED}.Release|x64.Build.0 = Release|x64
		{F3FA3BAE-E8EC-414D-A2FA-7F9D4FA12AED}.Release|x86.ActiveCfg = Release|Win32
		{F3FA3BAE-E8EC-414D-A2FA-7F9D4FA12AED}.Release|x86.Build.0 = Release|Win32
		{71C13C2D-0333-4DDB-8A18-5FE19491DD27}.Debug|x64.ActiveCfg = Debug|x64
		{71C13C2D-0333-4DDB-8A18-5FE19491DD27}.Debug|x64.Build.0 = Debug|x64
		{71C13C2D-0333-4DDB-8A18-5FE19491DD27}.Debug|x86.ActiveCfg = Debug|Win32
		{71C13C2D-0333-4DDB-8A18-5FE19491DD27}.Debug|x86.Build.0 = Debug|Win32
		{71C13C2D-0333-4DDB-8A18-5FE19491DD27}.Release|x64.ActiveCfg = Release|x64
		{71C13C2D-0333-4DDB-8A18-5FE19491DD27}.Release|x64.Build.0 = Release|x64
		{71C13C2D-0333-4DDB-8A18-5FE19491DD27}.Release|x86.ActiveCfg = Release|Win32
		{71C13C2D-0333-4DDB-8A18-5FE19491DD27}.Release|x86.Build.0 = Release|Win32
		{1EB75945-7E5E-485E-AE87-4B69CB041F2E}.Debug|x64.ActiveCfg = Debug|x64
		{1EB75945-7E5E-485E-AE87-4B69CB041F2E}.Debug|x64.Build.0 = Debug|x64
		{1EB75945-7E5E-485E-AE87-4B69CB041F2E}.Debug|x86.ActiveCfg = Debug|Win32
		{1EB75945-7E5E-485E-AE87-4B69CB041F2E}.Debug|x86.Build.0 = Debug|Win32
		{1EB75945-7E5E-485E-AE87-4B69CB041F2E}.Release|x64.ActiveCfg = Release|x64
		{1EB75945-7E5E-485E-AE87-4B69CB041F2E}.Release|x64.Build.0 = Release|x64
		{1EB75945-7E5E-485E-AE87-4B69CB041F2E}.Release|x86.ActiveCfg = Release|Win32
		{1EB75945-7E5E-485E-AE87-4B69CB041F2E}.Release|x86.Build.0 = Release|Win32
		{86339E1E-A457-4054-B915-FBF5E5DCB95E}.Debug|x64.ActiveCfg = Debug|x64
		{86339E1E-A457-4054-B915-FBF5E5DCB95E}.Debug|x64.Build.0 = Debug|x64
		{86339E1E-A457-4054-B915-FBF5E5DCB95E}.Debug|x86.ActiveCfg = Debug|Win32
		{86339E1E-A457-4054-B915-FBF5E5DCB95E}.Debug|x86.Build.0 = Debug|Win32
		{86339E1E-A457-4054-B915-FBF5E5DCB95E}.Release|x64.ActiveCfg = Release|x64
		{86339E1E-A457-4054-B915-FBF5E5DCB95E}.Release|x64.Build.0 = Release|x64
		{86339E1E-A457-4054-B915-FBF5E5DCB95E}.Release|x86.ActiveCfg = Release|Win32
		{86339E1E-A457-4054-B915-FBF5E5DCB95E}.Release|x86.Build.0 = Release|Win32
	EndGlobalSection
	GlobalSection(SolutionProperties) = preSolution
		HideSolutionNode = FALSE
	EndGlobalSection
EndGlobal
